%{"exactor": {:package, "0.6.0"},
  "exvcr": {:package, "0.3.0"},
  "hackney": {:git, "git://github.com/benoitc/hackney.git", "fd2158b39b0aa139bb90f0c867f246ddfec072e6", [tag: "0.13.0"]},
  "httpoison": {:git, "git://github.com/edgurgel/httpoison.git", "bca6f74e138c18dd8d3dd92b0e71e16e2f5f546a", [tag: "0.3.2"]},
  "idna": {:git, "git://github.com/benoitc/erlang-idna.git", "21aa158b7f36bf2a000f12fe40d7f21eece9cf65", [tag: "hackney-0.11.2"]},
  "jsex": {:package, "2.0.0"},
  "jsx": {:package, "2.0.4"},
  "meck": {:git, "git://github.com/eproxus/meck.git", "63187e58559024354ecf354338065a973caa3b22", []}}
