%{"exactor": {:git, "git://github.com/sasa1977/exactor.git", "4581a21deafc5eaab7a9551c44facc8c8db25a97", []},
  "exprintf": {:git, "git://github.com/parroty/exprintf.git", "c8b99a43827b358ec36316e2035f81110cc1a725", []},
  "exvcr": {:git, "git://github.com/parroty/exvcr.git", "edc939bd6b3aeea3821051d61651c256266212d3", []},
  "hackney": {:git, "git://github.com/benoitc/hackney.git", "cf90543f9cc21ffea34d71035521b0102b8555cf", [ref: "cf90543f9cc21ffea34d71035521b0102b8555cf"]},
  "hackney_lib": {:git, "https://github.com/benoitc/hackney_lib.git", "48a5a3fc64892c95e4e3efdd464f26ca5683d2f9", [tag: "0.3.0"]},
  "httpoison": {:git, "git://github.com/edgurgel/httpoison.git", "0321ab15be39ea72aa4cc1c38f1ef40d1d3832ab", [tag: "0.1.0"]},
  "idna": {:git, "git://github.com/benoitc/erlang-idna.git", "21aa158b7f36bf2a000f12fe40d7f21eece9cf65", [tag: "hackney-0.11.2"]},
  "jsex": {:package, "2.0.0"},
  "jsx": {:package, "2.0.2"},
  "meck": {:git, "git://github.com/eproxus/meck.git", "2eb19524a0cf33a0fc67fed766679c93d363ceee", []}}
